<Solution>
  <Folder Name="/src/" />
  <Folder Name="/src/ReviewVerse.Game.Catalog/">
    <Project Path="src/ReviewVerse.Game.Catalog/ReviewVerse.Game.Catalog.API/ReviewVerse.Game.Catalog.API.csproj" />
    <Project Path="src/ReviewVerse.Game.Catalog/ReviewVerse.Game.Catalog.Worker/ReviewVerse.Game.Catalog.Worker.csproj" />
  </Folder>
  <Folder Name="/src/ReviewVerse.Review/">
    <Project Path="src/ReviewVerse.Review/ReviewVerse.Review.API/ReviewVerse.Review.API.csproj" />
    <Project Path="src\ReviewVerse.Review\ReviewVerse.Review.Domain\ReviewVerse.Review.Domain.csproj" />
  </Folder>
  <Folder Name="/src/ReviewVerse.Shared/">
    <Project Path="src/ReviewVerse.Shared/ReviewVerse.Shared/ReviewVerse.Shared.csproj" />
  </Folder>
</Solution>